uuid: 60e1aaaa-2eb8-4ae2-99fc-26bdb3b9ff41
langcode: en
status: true
dependencies:
  config:
    - views.view.love_timeline
  module:
    - system
    - views
  theme:
    - thotrang_web_theme
id: views_block__love_timeline_front_block
theme: thotrang_web_theme
region: content
weight: 0
provider: null
plugin: 'views_block:love_timeline-timeline_front_block'
settings:
  id: 'views_block:love_timeline-timeline_front_block'
  label: ''
  label_display: '0'
  provider: views
  views_label: ''
  items_per_page: '24'
visibility:
  request_path:
    id: request_path
    negate: false
    pages: '<front>'
